PODS:
  - advanced_image (0.0.1):
    - Flutter
  - CocoaAsyncSocket (7.6.4)
  - device_info_plus (0.0.1):
    - Flutter
  - DKImagePickerController/Core (4.2.2):
    - DKImagePickerController/ImageDataManager
    - DKImagePickerController/Resource
  - DKImagePickerController/ImageDataManager (4.2.2)
  - DKImagePickerController/PhotoGallery (4.2.2):
    - DKImagePickerController/Core
    - DKPhotoGallery
  - DKImagePickerController/Resource (4.2.2)
  - DKPhotoGallery (0.0.14):
    - DKPhotoGallery/Core (= 0.0.14)
    - DKPhotoGallery/Model (= 0.0.14)
    - DKPhotoGallery/Preview (= 0.0.14)
    - DKPhotoGallery/Resource (= 0.0.14)
    - SDWebImage
    - SDWebImageFLPlugin
  - DKPhotoGallery/Core (0.0.14):
    - DKPhotoGallery/Model
    - DKPhotoGallery/Preview
    - SDWebImage
    - SDWebImageFLPlugin
  - DKPhotoGallery/Model (0.0.14):
    - SDWebImage
    - SDWebImageFLPlugin
  - DKPhotoGallery/Preview (0.0.14):
    - DKPhotoGallery/Model
    - DKPhotoGallery/Resource
    - SDWebImage
    - SDWebImageFLPlugin
  - DKPhotoGallery/Resource (0.0.14):
    - SDWebImage
    - SDWebImageFLPlugin
  - file_picker (0.0.1):
    - DKImagePickerController/PhotoGallery
    - Flutter
  - FLAnimatedImage (1.0.12)
  - Flutter (1.0.0)
  - flutter_inappwebview (0.0.1):
    - Flutter
    - flutter_inappwebview/Core (= 0.0.1)
    - OrderedSet (~> 5.0)
  - flutter_inappwebview/Core (0.0.1):
    - Flutter
    - OrderedSet (~> 5.0)
  - flutter_local_notifications (0.0.1):
    - Flutter
  - KTVCocoaHTTPServer (1.0.0):
    - CocoaAsyncSocket
  - KTVHTTPCache (2.0.1):
    - KTVCocoaHTTPServer
  - OrderedSet (5.0.0)
  - package_info_plus (0.4.5):
    - Flutter
  - path_provider_ios (0.0.1):
    - Flutter
  - "permission_handler (5.1.0+2)":
    - Flutter
  - SDWebImage (5.8.1):
    - SDWebImage/Core (= 5.8.1)
  - SDWebImage/Core (5.8.1)
  - SDWebImageFLPlugin (0.4.0):
    - FLAnimatedImage (>= 1.0.11)
    - SDWebImage/Core (~> 5.6)
  - shared_preferences_ios (0.0.1):
    - Flutter
  - uni_links (0.0.1):
    - Flutter
  - url_launcher_ios (0.0.1):
    - Flutter
  - video_player (0.0.1):
    - Flutter
    - KTVHTTPCache (~> 2.0.0)

DEPENDENCIES:
  - advanced_image (from `.symlinks/plugins/advanced_image/ios`)
  - device_info_plus (from `.symlinks/plugins/device_info_plus/ios`)
  - file_picker (from `.symlinks/plugins/file_picker/ios`)
  - Flutter (from `Flutter`)
  - flutter_inappwebview (from `.symlinks/plugins/flutter_inappwebview/ios`)
  - flutter_local_notifications (from `.symlinks/plugins/flutter_local_notifications/ios`)
  - package_info_plus (from `.symlinks/plugins/package_info_plus/ios`)
  - path_provider_ios (from `.symlinks/plugins/path_provider_ios/ios`)
  - permission_handler (from `.symlinks/plugins/permission_handler/ios`)
  - shared_preferences_ios (from `.symlinks/plugins/shared_preferences_ios/ios`)
  - uni_links (from `.symlinks/plugins/uni_links/ios`)
  - url_launcher_ios (from `.symlinks/plugins/url_launcher_ios/ios`)
  - video_player (from `.symlinks/plugins/video_player/ios`)

SPEC REPOS:
  trunk:
    - CocoaAsyncSocket
    - DKImagePickerController
    - DKPhotoGallery
    - FLAnimatedImage
    - KTVCocoaHTTPServer
    - KTVHTTPCache
    - OrderedSet
    - SDWebImage
    - SDWebImageFLPlugin

EXTERNAL SOURCES:
  advanced_image:
    :path: ".symlinks/plugins/advanced_image/ios"
  device_info_plus:
    :path: ".symlinks/plugins/device_info_plus/ios"
  file_picker:
    :path: ".symlinks/plugins/file_picker/ios"
  Flutter:
    :path: Flutter
  flutter_inappwebview:
    :path: ".symlinks/plugins/flutter_inappwebview/ios"
  flutter_local_notifications:
    :path: ".symlinks/plugins/flutter_local_notifications/ios"
  package_info_plus:
    :path: ".symlinks/plugins/package_info_plus/ios"
  path_provider_ios:
    :path: ".symlinks/plugins/path_provider_ios/ios"
  permission_handler:
    :path: ".symlinks/plugins/permission_handler/ios"
  shared_preferences_ios:
    :path: ".symlinks/plugins/shared_preferences_ios/ios"
  uni_links:
    :path: ".symlinks/plugins/uni_links/ios"
  url_launcher_ios:
    :path: ".symlinks/plugins/url_launcher_ios/ios"
  video_player:
    :path: ".symlinks/plugins/video_player/ios"

SPEC CHECKSUMS:
  advanced_image: c45d41d62c4ed30509825713092ae389e077362d
  CocoaAsyncSocket: 694058e7c0ed05a9e217d1b3c7ded962f4180845
  device_info_plus: e5c5da33f982a436e103237c0c85f9031142abed
  DKImagePickerController: 4a3e7948a848c4348e600b3fe5ce41478835fa10
  DKPhotoGallery: 0290d32343574f06eaa4c26f8f2f8a1035e916be
  file_picker: 3e6c3790de664ccf9b882732d9db5eaf6b8d4eb1
  FLAnimatedImage: 4a0b56255d9b05f18b6dd7ee06871be5d3b89e31
  Flutter: 50d75fe2f02b26cc09d224853bb45737f8b3214a
  flutter_inappwebview: bfd58618f49dc62f2676de690fc6dcda1d6c3721
  flutter_local_notifications: 0c0b1ae97e741e1521e4c1629a459d04b9aec743
  KTVCocoaHTTPServer: df8d7b861e603ff8037e9b2138aca2563a6b768d
  KTVHTTPCache: 588c3eb16f6bd1e6fde1e230dabfb7bd4e490a4d
  OrderedSet: aaeb196f7fef5a9edf55d89760da9176ad40b93c
  package_info_plus: 6c92f08e1f853dc01228d6f553146438dafcd14e
  path_provider_ios: 7d7ce634493af4477d156294792024ec3485acd5
  permission_handler: ccb20a9fad0ee9b1314a52b70b76b473c5f8dab0
  SDWebImage: e3eae2eda88578db0685a0c88597fdadd9433f05
  SDWebImageFLPlugin: 6c2295fb1242d44467c6c87dc5db6b0a13228fd8
  shared_preferences_ios: aef470a42dc4675a1cdd50e3158b42e3d1232b32
  uni_links: d97da20c7701486ba192624d99bffaaffcfc298a
  url_launcher_ios: 02f1989d4e14e998335b02b67a7590fa34f971af
  video_player: eb8f95b8ba3a9a1ba51fd95d775e685bc0f41a30

PODFILE CHECKSUM: aafe91acc616949ddb318b77800a7f51bffa2a4c

COCOAPODS: 1.10.1
